
Microsoft Visual Studio Solution File, Format Version 12.00
# Visual Studio Version 17
VisualStudioVersion = 17.7.34024.191
MinimumVisualStudioVersion = 10.0.40219.1
Project("{FAE04EC0-301F-11D3-BF4B-00C04F79EFBC}") = "Tarea6.Server", "Server\Tarea6.Server.csproj", "{1B910BBB-764B-45C2-957E-7F833493E515}"
EndProject
Project("{FAE04EC0-301F-11D3-BF4B-00C04F79EFBC}") = "Tarea6.Client", "Client\Tarea6.Client.csproj", "{FBB53F63-E89B-4042-A64A-FEAB3DBD2A49}"
EndProject
Project("{FAE04EC0-301F-11D3-BF4B-00C04F79EFBC}") = "Tarea6.Shared", "Shared\Tarea6.Shared.csproj", "{3D28DA60-153A-471E-8988-CF6FA2C325EC}"
EndProject
Global
	GlobalSection(SolutionConfigurationPlatforms) = preSolution
		Debug|Any CPU = Debug|Any CPU
		Release|Any CPU = Release|Any CPU
	EndGlobalSection
	GlobalSection(ProjectConfigurationPlatforms) = postSolution
		{1B910BBB-764B-45C2-957E-7F833493E515}.Debug|Any CPU.ActiveCfg = Debug|Any CPU
		{1B910BBB-764B-45C2-957E-7F833493E515}.Debug|Any CPU.Build.0 = Debug|Any CPU
		{1B910BBB-764B-45C2-957E-7F833493E515}.Release|Any CPU.ActiveCfg = Release|Any CPU
		{1B910BBB-764B-45C2-957E-7F833493E515}.Release|Any CPU.Build.0 = Release|Any CPU
		{FBB53F63-E89B-4042-A64A-FEAB3DBD2A49}.Debug|Any CPU.ActiveCfg = Debug|Any CPU
		{FBB53F63-E89B-4042-A64A-FEAB3DBD2A49}.Debug|Any CPU.Build.0 = Debug|Any CPU
		{FBB53F63-E89B-4042-A64A-FEAB3DBD2A49}.Release|Any CPU.ActiveCfg = Release|Any CPU
		{FBB53F63-E89B-4042-A64A-FEAB3DBD2A49}.Release|Any CPU.Build.0 = Release|Any CPU
		{3D28DA60-153A-471E-8988-CF6FA2C325EC}.Debug|Any CPU.ActiveCfg = Debug|Any CPU
		{3D28DA60-153A-471E-8988-CF6FA2C325EC}.Debug|Any CPU.Build.0 = Debug|Any CPU
		{3D28DA60-153A-471E-8988-CF6FA2C325EC}.Release|Any CPU.ActiveCfg = Release|Any CPU
		{3D28DA60-153A-471E-8988-CF6FA2C325EC}.Release|Any CPU.Build.0 = Release|Any CPU
	EndGlobalSection
	GlobalSection(SolutionProperties) = preSolution
		HideSolutionNode = FALSE
	EndGlobalSection
	GlobalSection(ExtensibilityGlobals) = postSolution
		SolutionGuid = {380F8985-230D-45D7-9596-CED7D842A162}
	EndGlobalSection
EndGlobal
